version = 1
requires-python = ">=3.6"

[[package]]
name = "click"
version = "7.1.2"
source = { registry = "https://pypi.org/simple" }
sdist = { url = "https://files.pythonhosted.org/packages/27/6f/be940c8b1f1d69daceeb0032fee6c34d7bd70e3e649ccac0951500b4720e/click-7.1.2.tar.gz", hash = "sha256:d2b5255c7c6349bc1bd1e59e08cd12acbbd63ce649f2588755783aa94dfb6b1a", size = 297279 }
wheels = [
    { url = "https://files.pythonhosted.org/packages/d2/3d/fa76db83bf75c4f8d338c2fd15c8d33fdd7ad23a9b5e57eb6c5de26b430e/click-7.1.2-py2.py3-none-any.whl", hash = "sha256:dacca89f4bfadd5de3d7489b7c8a566eee0d3676333fbb50030263894c38c0dc", size = 82780 },
]

[[package]]
name = "colorama"
version = "0.4.6"
source = { registry = "https://pypi.org/simple" }
sdist = { url = "https://files.pythonhosted.org/packages/d8/53/6f443c9a4a8358a93a6792e2acffb9d9d5cb0a5cfd8802644b7b1c9a02e4/colorama-0.4.6.tar.gz", hash = "sha256:08695f5cb7ed6e0531a20572697297273c47b8cae5a63ffc6d6ed5c201be6e44", size = 27697 }
wheels = [
    { url = "https://files.pythonhosted.org/packages/d1/d6/3965ed04c63042e047cb6a3e6ed1a63a35087b6a609aa3a15ed8ac56c221/colorama-0.4.6-py2.py3-none-any.whl", hash = "sha256:4f1d9991f5acc0ca119f9d443620b77f9d6b33703e51011c16baf57afb285fc6", size = 25335 },
]

[[package]]
name = "flask"
version = "1.1.4"
source = { registry = "https://pypi.org/simple" }
dependencies = [
    { name = "click" },
    { name = "itsdangerous" },
    { name = "jinja2" },
    { name = "werkzeug" },
]
sdist = { url = "https://files.pythonhosted.org/packages/4d/5b/2d145f5fe718b2f15ebe69240538f06faa8bbb76488bf962091db1f7a26d/Flask-1.1.4.tar.gz", hash = "sha256:0fbeb6180d383a9186d0d6ed954e0042ad9f18e0e8de088b2b419d526927d196", size = 635920 }
wheels = [
    { url = "https://files.pythonhosted.org/packages/e8/6d/994208daa354f68fd89a34a8bafbeaab26fda84e7af1e35bdaed02b667e6/Flask-1.1.4-py2.py3-none-any.whl", hash = "sha256:c34f04500f2cbbea882b1acb02002ad6fe6b7ffa64a6164577995657f50aed22", size = 94591 },
]

[[package]]
name = "gunicorn"
version = "20.0.4"
source = { registry = "https://pypi.org/simple" }
dependencies = [
    { name = "setuptools" },
]
sdist = { url = "https://files.pythonhosted.org/packages/33/b8/f5fd32e1f46fcfefd7cb5c84dee1cf657ab3540ee92b8a09fc40e4887bf0/gunicorn-20.0.4.tar.gz", hash = "sha256:1904bb2b8a43658807108d59c3f3d56c2b6121a701161de0ddf9ad140073c626", size = 373841 }
wheels = [
    { url = "https://files.pythonhosted.org/packages/69/ca/926f7cd3a2014b16870086b2d0fdc84a9e49473c68a8dff8b57f7c156f43/gunicorn-20.0.4-py2.py3-none-any.whl", hash = "sha256:cd4a810dd51bf497552cf3f863b575dabd73d6ad6a91075b65936b151cbf4f9c", size = 77859 },
]

[[package]]
name = "itsdangerous"
version = "1.1.0"
source = { registry = "https://pypi.org/simple" }
sdist = { url = "https://files.pythonhosted.org/packages/68/1a/f27de07a8a304ad5fa817bbe383d1238ac4396da447fa11ed937039fa04b/itsdangerous-1.1.0.tar.gz", hash = "sha256:321b033d07f2a4136d3ec762eac9f16a10ccd60f53c0c91af90217ace7ba1f19", size = 53219 }
wheels = [
    { url = "https://files.pythonhosted.org/packages/76/ae/44b03b253d6fade317f32c24d100b3b35c2239807046a4c953c7b89fa49e/itsdangerous-1.1.0-py2.py3-none-any.whl", hash = "sha256:b12271b2047cb23eeb98c8b5622e2e5c5e9abd9784a153e9d8ef9cb4dd09d749", size = 16743 },
]

[[package]]
name = "jinja2"
version = "2.11.3"
source = { registry = "https://pypi.org/simple" }
dependencies = [
    { name = "markupsafe" },
]
sdist = { url = "https://files.pythonhosted.org/packages/4f/e7/65300e6b32e69768ded990494809106f87da1d436418d5f1367ed3966fd7/Jinja2-2.11.3.tar.gz", hash = "sha256:a6d58433de0ae800347cab1fa3043cebbabe8baa9d29e668f1c768cb87a333c6", size = 257589 }
wheels = [
    { url = "https://files.pythonhosted.org/packages/7e/c2/1eece8c95ddbc9b1aeb64f5783a9e07a286de42191b7204d67b7496ddf35/Jinja2-2.11.3-py2.py3-none-any.whl", hash = "sha256:03e47ad063331dd6a3f04a43eddca8a966a26ba0c5b7207a9a9e4e08f1b29419", size = 125699 },
]

[[package]]
name = "labello"
version = "0.1.0"
source = { virtual = "." }
dependencies = [
    { name = "flask" },
    { name = "gunicorn" },
    { name = "jinja2" },
    { name = "peewee" },
    { name = "pillow" },
    { name = "python-dotenv" },
    { name = "qrcode" },
]

[package.metadata]
requires-dist = [
    { name = "flask", specifier = "~=1.1.2" },
    { name = "gunicorn", specifier = "~=20.0.4" },
    { name = "jinja2", specifier = "~=2.11.3" },
    { name = "peewee", specifier = "~=3.14.1" },
    { name = "pillow", specifier = "~=8.1" },
    { name = "python-dotenv", specifier = "~=0.15.0" },
    { name = "qrcode", specifier = "~=6.1" },
]

[[package]]
name = "markupsafe"
version = "2.0.1"
source = { registry = "https://pypi.org/simple" }
sdist = { url = "https://files.pythonhosted.org/packages/bf/10/ff66fea6d1788c458663a84d88787bae15d45daa16f6b3ef33322a51fc7e/MarkupSafe-2.0.1.tar.gz", hash = "sha256:594c67807fb16238b30c44bdf74f36c02cdf22d1c8cda91ef8a0ed8dabf5620a", size = 18596 }
wheels = [
    { url = "https://files.pythonhosted.org/packages/81/8b/f28eac2790d49dde61f89ae9e007ac65002edc90bb2dd63c3b9e653820d2/MarkupSafe-2.0.1-cp310-cp310-macosx_10_9_universal2.whl", hash = "sha256:d8446c54dc28c01e5a2dbac5a25f071f6653e6e40f3a8818e8b45d790fe6ef53", size = 18330 },
    { url = "https://files.pythonhosted.org/packages/21/84/e090d999105fe0f3e1d955725ed2c9aeebc649ee83edab0e73d353d47e5d/MarkupSafe-2.0.1-cp310-cp310-macosx_10_9_x86_64.whl", hash = "sha256:36bc903cbb393720fad60fc28c10de6acf10dc6cc883f3e24ee4012371399a38", size = 14005 },
    { url = "https://files.pythonhosted.org/packages/e6/57/e9d243b12918f22bc3aa1392db7821dcb643a120e87b3f8c9bc7e1ad33f1/MarkupSafe-2.0.1-cp310-cp310-manylinux_2_17_aarch64.manylinux2014_aarch64.whl", hash = "sha256:2d7d807855b419fc2ed3e631034685db6079889a1f01d5d9dac950f764da3dad", size = 26830 },
    { url = "https://files.pythonhosted.org/packages/5a/98/3303496a5d19aabba67c443ba1df6ee1bec94549b3f8976f90c06a6942e6/MarkupSafe-2.0.1-cp310-cp310-manylinux_2_5_i686.manylinux1_i686.manylinux_2_12_i686.manylinux2010_i686.whl", hash = "sha256:add36cb2dbb8b736611303cd3bfcee00afd96471b09cda130da3581cbdc56a6d", size = 30410 },
    { url = "https://files.pythonhosted.org/packages/53/e8/601efa63c4058311a8bda7984a2fe554b9da574044967d7aee253661ee46/MarkupSafe-2.0.1-cp310-cp310-manylinux_2_5_x86_64.manylinux1_x86_64.manylinux_2_12_x86_64.manylinux2010_x86_64.whl", hash = "sha256:168cd0a3642de83558a5153c8bd34f175a9a6e7f6dc6384b9655d2697312a646", size = 30770 },
    { url = "https://files.pythonhosted.org/packages/a4/c8/9d2161b2080cb69c8834d1c34a399685347523acbfc923b203ad27bf1215/MarkupSafe-2.0.1-cp310-cp310-musllinux_1_1_aarch64.whl", hash = "sha256:4dc8f9fb58f7364b63fd9f85013b780ef83c11857ae79f2feda41e270468dd9b", size = 31170 },
    { url = "https://files.pythonhosted.org/packages/51/c3/7154db2b7d5b24875e1f1c42bab87a46af688bd6a5c89a90c60053cb6b33/MarkupSafe-2.0.1-cp310-cp310-musllinux_1_1_i686.whl", hash = "sha256:20dca64a3ef2d6e4d5d615a3fd418ad3bde77a47ec8a23d984a12b5b4c74491a", size = 30127 },
    { url = "https://files.pythonhosted.org/packages/04/69/c31e837e4bb5532b02d297152464b2cb8a0edeb9bef762c015e9b4e95e16/MarkupSafe-2.0.1-cp310-cp310-musllinux_1_1_x86_64.whl", hash = "sha256:cdfba22ea2f0029c9261a4bd07e830a8da012291fbe44dc794e488b6c9bb353a", size = 30553 },
    { url = "https://files.pythonhosted.org/packages/c1/39/9df65c006a88fce7bbd5ec3195b949b79477b1a325564f486c611c367893/MarkupSafe-2.0.1-cp310-cp310-win32.whl", hash = "sha256:99df47edb6bda1249d3e80fdabb1dab8c08ef3975f69aed437cb69d0a5de1e28", size = 14331 },
    { url = "https://files.pythonhosted.org/packages/93/28/d42b954fb9189cf4b78b0b0a025cff9b2583f93b37d1a345768ade29e5dd/MarkupSafe-2.0.1-cp310-cp310-win_amd64.whl", hash = "sha256:e0f138900af21926a02425cf736db95be9f4af72ba1bb21453432a07f6082134", size = 15042 },
    { url = "https://files.pythonhosted.org/packages/27/c3/20f02d95e78756d59a4c02f179a6ee66e3283cc34e3051d436fd152d1e76/MarkupSafe-2.0.1-cp36-cp36m-macosx_10_9_x86_64.whl", hash = "sha256:f9081981fe268bd86831e5c75f7de206ef275defcb82bc70740ae6dc507aee51", size = 13907 },
    { url = "https://files.pythonhosted.org/packages/bf/a8/76f613645617c31dd4db1950057b0bab68e0b790c2dbb368c1971d38d87e/MarkupSafe-2.0.1-cp36-cp36m-manylinux1_i686.whl", hash = "sha256:0955295dd5eec6cb6cc2fe1698f4c6d84af2e92de33fbcac4111913cd100a6ff", size = 29871 },
    { url = "https://files.pythonhosted.org/packages/fc/d6/57f9a97e56447a1e340f8574836d3b636e2c14de304943836bd645fa9c7e/MarkupSafe-2.0.1-cp36-cp36m-manylinux1_x86_64.whl", hash = "sha256:0446679737af14f45767963a1a9ef7620189912317d095f2d9ffa183a4d25d2b", size = 30215 },
    { url = "https://files.pythonhosted.org/packages/ee/d4/f6d8700729ca202fd070e03d08bda349bb0689514c11732dcb4f0e7bd60f/MarkupSafe-2.0.1-cp36-cp36m-manylinux2010_i686.whl", hash = "sha256:f826e31d18b516f653fe296d967d700fddad5901ae07c622bb3705955e1faa94", size = 29874 },
    { url = "https://files.pythonhosted.org/packages/08/dc/a5ed54fcc61f75343663ee702cbf69831dcec9b1a952ae21cf3d1fbc56ba/MarkupSafe-2.0.1-cp36-cp36m-manylinux2010_x86_64.whl", hash = "sha256:fa130dd50c57d53368c9d59395cb5526eda596d3ffe36666cd81a44d56e48872", size = 30218 },
    { url = "https://files.pythonhosted.org/packages/0c/55/d7b9059ed9affe3ebdaa288006e4b82839bdbc0ecf092cd5b61d0f0ba456/MarkupSafe-2.0.1-cp36-cp36m-manylinux2014_aarch64.whl", hash = "sha256:905fec760bd2fa1388bb5b489ee8ee5f7291d692638ea5f67982d968366bef9f", size = 31387 },
    { url = "https://files.pythonhosted.org/packages/3f/43/72fd80844b2687e2c5aac95b64662ede122b8c3919b4c95488017ca8d2a9/MarkupSafe-2.0.1-cp36-cp36m-manylinux_2_17_aarch64.manylinux2014_aarch64.whl", hash = "sha256:bf5d821ffabf0ef3533c39c518f3357b171a1651c1ff6827325e4489b0e46c3c", size = 26453 },
    { url = "https://files.pythonhosted.org/packages/ff/e2/bfd4e230d609fc7c59cc1a69e1b9f65bda3f05b8cab41bb4437f3d44b108/MarkupSafe-2.0.1-cp36-cp36m-manylinux_2_5_i686.manylinux1_i686.manylinux_2_12_i686.manylinux2010_i686.whl", hash = "sha256:0d4b31cc67ab36e3392bbf3862cfbadac3db12bdd8b02a2731f509ed5b829724", size = 29907 },
    { url = "https://files.pythonhosted.org/packages/e2/a9/eafee9babd4b3aed918d286fbe1c20d1a22d347b30d2bddb3c49919548fa/MarkupSafe-2.0.1-cp36-cp36m-manylinux_2_5_x86_64.manylinux1_x86_64.manylinux_2_12_x86_64.manylinux2010_x86_64.whl", hash = "sha256:baa1a4e8f868845af802979fcdbf0bb11f94f1cb7ced4c4b8a351bb60d108145", size = 30247 },
    { url = "https://files.pythonhosted.org/packages/9c/dd/1b57e1514fd2f653ee31255b940baf0609741bc059565a7fe7c4e0fec46d/MarkupSafe-2.0.1-cp36-cp36m-musllinux_1_1_aarch64.whl", hash = "sha256:deb993cacb280823246a026e3b2d81c493c53de6acfd5e6bfe31ab3402bb37dd", size = 30464 },
    { url = "https://files.pythonhosted.org/packages/20/0e/e5d5ed4bad48827aede890787b8855c7dc08301be60f2eeb0ce17ec5c810/MarkupSafe-2.0.1-cp36-cp36m-musllinux_1_1_i686.whl", hash = "sha256:63f3268ba69ace99cab4e3e3b5840b03340efed0948ab8f78d2fd87ee5442a4f", size = 29555 },
    { url = "https://files.pythonhosted.org/packages/fa/7f/50e0b7a7c13e056f7f1ea799a04a64c225a7ae784785f6b74e7515ea94e8/MarkupSafe-2.0.1-cp36-cp36m-musllinux_1_1_x86_64.whl", hash = "sha256:8d206346619592c6200148b01a2142798c989edcb9c896f9ac9722a99d4e77e6", size = 29893 },
    { url = "https://files.pythonhosted.org/packages/f5/ff/9a35fc0f3fbda4cada0e559833b84627ddf44c45664741aed7da1b2468f2/MarkupSafe-2.0.1-cp36-cp36m-win32.whl", hash = "sha256:6c4ca60fa24e85fe25b912b01e62cb969d69a23a5d5867682dd3e80b5b02581d", size = 14256 },
    { url = "https://files.pythonhosted.org/packages/73/60/296031f365b3ae96732225203d864fac7b83a185ed1820c1c87b78e154bc/MarkupSafe-2.0.1-cp36-cp36m-win_amd64.whl", hash = "sha256:b2f4bf27480f5e5e8ce285a8c8fd176c0b03e93dcc6646477d4630e83440c6a9", size = 14898 },
    { url = "https://files.pythonhosted.org/packages/75/90/b780381ddf38e2afd07a04746b5d3158a085464f7c757fc62cd198aa5379/MarkupSafe-2.0.1-cp37-cp37m-macosx_10_9_x86_64.whl", hash = "sha256:0717a7390a68be14b8c793ba258e075c6f4ca819f15edfc2a3a027c823718567", size = 13905 },
    { url = "https://files.pythonhosted.org/packages/80/ec/e4272ac306ccc17062d253cb11f5c79c457f5e78b0e3c9f6adc989d507c0/MarkupSafe-2.0.1-cp37-cp37m-manylinux1_i686.whl", hash = "sha256:6557b31b5e2c9ddf0de32a691f2312a32f77cd7681d8af66c2692efdbef84c18", size = 30749 },
    { url = "https://files.pythonhosted.org/packages/d7/56/9d9c0dc2b0f5dc342ff9c7df31c523cc122947970b5ea943b2311be0c391/MarkupSafe-2.0.1-cp37-cp37m-manylinux1_x86_64.whl", hash = "sha256:49e3ceeabbfb9d66c3aef5af3a60cc43b85c33df25ce03d0031a608b0a8b2e3f", size = 31133 },
    { url = "https://files.pythonhosted.org/packages/e9/b8/e0e089d26667fbac3a473f78fc771b1cbffd30964816928e4864aac43357/MarkupSafe-2.0.1-cp37-cp37m-manylinux2010_i686.whl", hash = "sha256:d7f9850398e85aba693bb640262d3611788b1f29a79f0c93c565694658f4071f", size = 30751 },
    { url = "https://files.pythonhosted.org/packages/ad/cd/650b1be2a81674939ef962b1f1b956e4a84116d69708c842667445e95408/MarkupSafe-2.0.1-cp37-cp37m-manylinux2010_x86_64.whl", hash = "sha256:6a7fae0dd14cf60ad5ff42baa2e95727c3d81ded453457771d02b7d2b3f9c0c2", size = 31138 },
    { url = "https://files.pythonhosted.org/packages/a3/01/8d5fd91ccc1a61b7a9e2803819b8b60c3bac37290bbbd3df33d8d548f9c1/MarkupSafe-2.0.1-cp37-cp37m-manylinux2014_aarch64.whl", hash = "sha256:b7f2d075102dc8c794cbde1947378051c4e5180d52d276987b8d28a3bd58c17d", size = 32322 },
    { url = "https://files.pythonhosted.org/packages/70/fc/5a7253a9c1c4e2a3feadb80a5def4563500daa4b2d4a39cae39483afa1b0/MarkupSafe-2.0.1-cp37-cp37m-manylinux_2_17_aarch64.manylinux2014_aarch64.whl", hash = "sha256:e9936f0b261d4df76ad22f8fee3ae83b60d7c3e871292cd42f40b81b70afae85", size = 26453 },
    { url = "https://files.pythonhosted.org/packages/2b/6b/69dd812a582de48190e73c08a4f526842f880a4bb53fbc6859d896621b54/MarkupSafe-2.0.1-cp37-cp37m-manylinux_2_5_i686.manylinux1_i686.manylinux_2_12_i686.manylinux2010_i686.whl", hash = "sha256:2a7d351cbd8cfeb19ca00de495e224dea7e7d919659c2841bbb7f420ad03e2d6", size = 30773 },
    { url = "https://files.pythonhosted.org/packages/09/f1/5ca5da61ec071ce1e9c423f66a5bde508957601118be9cd37aeccfeab2f6/MarkupSafe-2.0.1-cp37-cp37m-manylinux_2_5_x86_64.manylinux1_x86_64.manylinux_2_12_x86_64.manylinux2010_x86_64.whl", hash = "sha256:60bf42e36abfaf9aff1f50f52644b336d4f0a3fd6d8a60ca0d054ac9f713a864", size = 31173 },
    { url = "https://files.pythonhosted.org/packages/74/5d/3d5d08321661ca30c61eb897cd9fdf35a9a63ddddd094e65deb9862986b7/MarkupSafe-2.0.1-cp37-cp37m-musllinux_1_1_aarch64.whl", hash = "sha256:d6c7ebd4e944c85e2c3421e612a7057a2f48d478d79e61800d81468a8d842207", size = 31419 },
    { url = "https://files.pythonhosted.org/packages/b9/87/cdfd4778d4b9ef0dc89c62b3cf0c181c9231e523a90d7ee254afcfe74557/MarkupSafe-2.0.1-cp37-cp37m-musllinux_1_1_i686.whl", hash = "sha256:f0567c4dc99f264f49fe27da5f735f414c4e7e7dd850cfd8e69f0862d7c74ea9", size = 30489 },
    { url = "https://files.pythonhosted.org/packages/0a/1d/12eb0e1d1d7e0f745cd7bcf27400d75b53096ae14f9b86d3be02a468bc75/MarkupSafe-2.0.1-cp37-cp37m-musllinux_1_1_x86_64.whl", hash = "sha256:89c687013cb1cd489a0f0ac24febe8c7a666e6e221b783e53ac50ebf68e45d86", size = 30835 },
    { url = "https://files.pythonhosted.org/packages/35/3e/30d8e0f71de72ccb813ba82191dc445b6f2d8aaa08169a3814384e6f39c3/MarkupSafe-2.0.1-cp37-cp37m-win32.whl", hash = "sha256:a30e67a65b53ea0a5e62fe23682cfe22712e01f453b95233b25502f7c61cb415", size = 14252 },
    { url = "https://files.pythonhosted.org/packages/1b/f6/f774e745edd76eef70bf83062823be0dca95ee9c9211f18aec490892ab33/MarkupSafe-2.0.1-cp37-cp37m-win_amd64.whl", hash = "sha256:611d1ad9a4288cf3e3c16014564df047fe08410e628f89805e475368bd304914", size = 14901 },
    { url = "https://files.pythonhosted.org/packages/51/1e/45e25cd867fb79339c49086dad9794e11923dd6325251ae48c341b0a4271/MarkupSafe-2.0.1-cp38-cp38-macosx_10_9_universal2.whl", hash = "sha256:5bb28c636d87e840583ee3adeb78172efc47c8b26127267f54a9c0ec251d41a9", size = 18323 },
    { url = "https://files.pythonhosted.org/packages/70/56/f81c0cfbc22882df36358ecdedc5474571183e5a5adde1e237079acee437/MarkupSafe-2.0.1-cp38-cp38-macosx_10_9_x86_64.whl", hash = "sha256:be98f628055368795d818ebf93da628541e10b75b41c559fdf36d104c5787066", size = 13982 },
    { url = "https://files.pythonhosted.org/packages/f9/12/b63afcb3bf9f27fd347adef452f9a6e27dfe7107a8f2685afacc8e9c6592/MarkupSafe-2.0.1-cp38-cp38-manylinux1_i686.whl", hash = "sha256:1d609f577dc6e1aa17d746f8bd3c31aa4d258f4070d61b2aa5c4166c1539de35", size = 30224 },
    { url = "https://files.pythonhosted.org/packages/1d/c5/1d1b42c65f96ee7b0c81761260878d1a1dc0afdf259e434b7d7af88a80a3/MarkupSafe-2.0.1-cp38-cp38-manylinux1_x86_64.whl", hash = "sha256:7d91275b0245b1da4d4cfa07e0faedd5b0812efc15b702576d103293e252af1b", size = 30562 },
    { url = "https://files.pythonhosted.org/packages/92/ac/94771b65ac9f77cf37e43b38516697bbc4e128ee152b68d596ae44c6c896/MarkupSafe-2.0.1-cp38-cp38-manylinux2010_i686.whl", hash = "sha256:01a9b8ea66f1658938f65b93a85ebe8bc016e6769611be228d797c9d998dd298", size = 30226 },
    { url = "https://files.pythonhosted.org/packages/68/ba/7a5ca0f9b4239e6fd846dd54c0b5928187355fa62fbdbd13e1c5942afae7/MarkupSafe-2.0.1-cp38-cp38-manylinux2010_x86_64.whl", hash = "sha256:47ab1e7b91c098ab893b828deafa1203de86d0bc6ab587b160f78fe6c4011f75", size = 30563 },
    { url = "https://files.pythonhosted.org/packages/eb/3b/1cddaf0338a031ef5c2e1d9d74f2d607d564748a933b44de6edfe7a2a880/MarkupSafe-2.0.1-cp38-cp38-manylinux2014_aarch64.whl", hash = "sha256:97383d78eb34da7e1fa37dd273c20ad4320929af65d156e35a5e2d89566d9dfb", size = 31869 },
    { url = "https://files.pythonhosted.org/packages/e4/9b/c7b55a2f587368d69eb6dc36e285010ab0bbb74323833d501921e08e2728/MarkupSafe-2.0.1-cp38-cp38-manylinux_2_17_aarch64.manylinux2014_aarch64.whl", hash = "sha256:6fcf051089389abe060c9cd7caa212c707e58153afa2c649f00346ce6d260f1b", size = 27085 },
    { url = "https://files.pythonhosted.org/packages/cc/f2/854d33eee85df681e61e22b52d8e83bef8b7425c0b9826212289f7885710/MarkupSafe-2.0.1-cp38-cp38-manylinux_2_5_i686.manylinux1_i686.manylinux_2_12_i686.manylinux2010_i686.whl", hash = "sha256:5855f8438a7d1d458206a2466bf82b0f104a3724bf96a1c781ab731e4201731a", size = 30239 },
    { url = "https://files.pythonhosted.org/packages/7a/e8/00c435416c9b0238dca6f883563b01c4cc532b2ba6aaf7268081f6238520/MarkupSafe-2.0.1-cp38-cp38-manylinux_2_5_x86_64.manylinux1_x86_64.manylinux_2_12_x86_64.manylinux2010_x86_64.whl", hash = "sha256:3dd007d54ee88b46be476e293f48c85048603f5f516008bee124ddd891398ed6", size = 30603 },
    { url = "https://files.pythonhosted.org/packages/95/18/b7a45c16635acafdf6837a6fd4c71acfe5bad202884c6fcbae4ea0763dde/MarkupSafe-2.0.1-cp38-cp38-musllinux_1_1_aarch64.whl", hash = "sha256:aca6377c0cb8a8253e493c6b451565ac77e98c2951c45f913e0b52facdcff83f", size = 30964 },
    { url = "https://files.pythonhosted.org/packages/15/90/b63743e72c9ffc5988c7b1c04d14f9a32ae49574afe8a7fbea0ce538bda4/MarkupSafe-2.0.1-cp38-cp38-musllinux_1_1_i686.whl", hash = "sha256:04635854b943835a6ea959e948d19dcd311762c5c0c6e1f0e16ee57022669194", size = 29982 },
    { url = "https://files.pythonhosted.org/packages/1f/44/ada8e01854175525e8e139278c3a52fec0ef720307cbd670bca86b473b56/MarkupSafe-2.0.1-cp38-cp38-musllinux_1_1_x86_64.whl", hash = "sha256:6300b8454aa6930a24b9618fbb54b5a68135092bc666f7b06901f897fa5c2fee", size = 30372 },
    { url = "https://files.pythonhosted.org/packages/44/e6/4e1f202ec01062c8b4d03af72f1aeb2ca8fc97f9f5d95b9173302ac4e5ad/MarkupSafe-2.0.1-cp38-cp38-win32.whl", hash = "sha256:023cb26ec21ece8dc3907c0e8320058b2e0cb3c55cf9564da612bc325bed5e64", size = 14303 },
    { url = "https://files.pythonhosted.org/packages/30/9e/4b7116f464a0151b86ce42b5185941eb74c207b38fe033f71f5e5d150356/MarkupSafe-2.0.1-cp38-cp38-win_amd64.whl", hash = "sha256:984d76483eb32f1bcb536dc27e4ad56bba4baa70be32fa87152832cdd9db0833", size = 14910 },
    { url = "https://files.pythonhosted.org/packages/dd/8f/d0c570c851f70377ca6f344531fab4b6b01a99a9d2a801b25d6fd75525e5/MarkupSafe-2.0.1-cp39-cp39-macosx_10_9_universal2.whl", hash = "sha256:2ef54abee730b502252bcdf31b10dacb0a416229b72c18b19e24a4509f273d26", size = 18308 },
    { url = "https://files.pythonhosted.org/packages/ce/a7/835a636047f4bb4fea31a682c18affad9795e864d800892bd7248485425e/MarkupSafe-2.0.1-cp39-cp39-macosx_10_9_x86_64.whl", hash = "sha256:3c112550557578c26af18a1ccc9e090bfe03832ae994343cfdacd287db6a6ae7", size = 13982 },
    { url = "https://files.pythonhosted.org/packages/66/66/b5891704372c9f5d97432933bdd7e9b5a0647fad9170c72bb7f486550c43/MarkupSafe-2.0.1-cp39-cp39-manylinux1_i686.whl", hash = "sha256:53edb4da6925ad13c07b6d26c2a852bd81e364f95301c66e930ab2aef5b5ddd8", size = 30216 },
    { url = "https://files.pythonhosted.org/packages/50/99/06eccf68be0bff67ab9a0b90b5382c04769f9ad2e42cae5e5e92f99380cd/MarkupSafe-2.0.1-cp39-cp39-manylinux1_x86_64.whl", hash = "sha256:f5653a225f31e113b152e56f154ccbe59eeb1c7487b39b9d9f9cdb58e6c79dc5", size = 30553 },
    { url = "https://files.pythonhosted.org/packages/5a/ff/34bdcd8cc794f692588de0b3f4c1aa7ec0d17716fda9d874836ed68775c1/MarkupSafe-2.0.1-cp39-cp39-manylinux2010_i686.whl", hash = "sha256:4efca8f86c54b22348a5467704e3fec767b2db12fc39c6d963168ab1d3fc9135", size = 30220 },
    { url = "https://files.pythonhosted.org/packages/6f/83/eabfb8c6d60b096dc9ada378cf935809289c4d0327b74a60789bde77e1db/MarkupSafe-2.0.1-cp39-cp39-manylinux2010_x86_64.whl", hash = "sha256:ab3ef638ace319fa26553db0624c4699e31a28bb2a835c5faca8f8acf6a5a902", size = 30556 },
    { url = "https://files.pythonhosted.org/packages/ae/70/8dd5f2c0aab82431c9c619a2c4fbd1742fc0fb769d8d7b275ae1d03eb3a5/MarkupSafe-2.0.1-cp39-cp39-manylinux2014_aarch64.whl", hash = "sha256:f8ba0e8349a38d3001fae7eadded3f6606f0da5d748ee53cc1dab1d6527b9509", size = 31882 },
    { url = "https://files.pythonhosted.org/packages/a6/d1/a7b97d0e000336c4e06bfce7e08dcb2b47fc5091146ee883dfac6cb4842e/MarkupSafe-2.0.1-cp39-cp39-manylinux_2_17_aarch64.manylinux2014_aarch64.whl", hash = "sha256:c47adbc92fc1bb2b3274c4b3a43ae0e4573d9fbff4f54cd484555edbf030baf1", size = 26719 },
    { url = "https://files.pythonhosted.org/packages/67/e9/579a3ad8d48f7680f887ff1f22cc6330f083de23ce32a8fa35f8acef477a/MarkupSafe-2.0.1-cp39-cp39-manylinux_2_5_i686.manylinux1_i686.manylinux_2_12_i686.manylinux2010_i686.whl", hash = "sha256:37205cac2a79194e3750b0af2a5720d95f786a55ce7df90c3af697bfa100eaac", size = 30251 },
    { url = "https://files.pythonhosted.org/packages/c2/db/314df69668f582d5173922bded7b58126044bb77cfce6347c5d992074d2e/MarkupSafe-2.0.1-cp39-cp39-manylinux_2_5_x86_64.manylinux1_x86_64.manylinux_2_12_x86_64.manylinux2010_x86_64.whl", hash = "sha256:1f2ade76b9903f39aa442b4aadd2177decb66525062db244b35d71d0ee8599b6", size = 30586 },
    { url = "https://files.pythonhosted.org/packages/8f/87/4668ce3963e942a9aa7b13212158e74bf063a2461138b7ed5a043ac6aa79/MarkupSafe-2.0.1-cp39-cp39-musllinux_1_1_aarch64.whl", hash = "sha256:4296f2b1ce8c86a6aea78613c34bb1a672ea0e3de9c6ba08a960efe0b0a09047", size = 30980 },
    { url = "https://files.pythonhosted.org/packages/a7/55/a576835b6b95af21d15f69eaf14c4fb1358fd48475f2b9813abd9654132e/MarkupSafe-2.0.1-cp39-cp39-musllinux_1_1_i686.whl", hash = "sha256:9f02365d4e99430a12647f09b6cc8bab61a6564363f313126f775eb4f6ef798e", size = 29902 },
    { url = "https://files.pythonhosted.org/packages/3b/41/f53e2ac439b309d8bb017d12ee6e7d393aa70c508448c1f30a7e5db9d69e/MarkupSafe-2.0.1-cp39-cp39-musllinux_1_1_x86_64.whl", hash = "sha256:5b6d930f030f8ed98e3e6c98ffa0652bdb82601e7a016ec2ab5d7ff23baa78d1", size = 30340 },
    { url = "https://files.pythonhosted.org/packages/6a/96/7a23b44f742384a866173502e19cc1ec13951085bbb4e24be504dfc6da9f/MarkupSafe-2.0.1-cp39-cp39-win32.whl", hash = "sha256:10f82115e21dc0dfec9ab5c0223652f7197feb168c940f3ef61563fc2d6beb74", size = 14331 },
    { url = "https://files.pythonhosted.org/packages/5b/db/49785acd523bd5eef83d0e21594eec1c2d7d45afc473dcc85037243de673/MarkupSafe-2.0.1-cp39-cp39-win_amd64.whl", hash = "sha256:693ce3f9e70a6cf7d2fb9e6c9d8b204b6b39897a2c4a1aa65728d5ac97dcc1d8", size = 14937 },
]

[[package]]
name = "peewee"
version = "3.14.10"
source = { registry = "https://pypi.org/simple" }
sdist = { url = "https://files.pythonhosted.org/packages/ca/2a/a3a01c86080c77369a5288554e619a0dc4efdacd9fabae2d2fdbbe393f82/peewee-3.14.10.tar.gz", hash = "sha256:23271422b332c82d30c92597dee905ee831b56c6d99c33e05901e6891c75fe15", size = 855490 }

[[package]]
name = "pillow"
version = "8.4.0"
source = { registry = "https://pypi.org/simple" }
sdist = { url = "https://files.pythonhosted.org/packages/7d/2a/2fc11b54e2742db06297f7fa7f420a0e3069fdcf0e4b57dfec33f0b08622/Pillow-8.4.0.tar.gz", hash = "sha256:b8e2f83c56e141920c39464b852de3719dfbfb6e3c99a2d8da0edf4fb33176ed", size = 49368411 }
wheels = [
    { url = "https://files.pythonhosted.org/packages/c7/83/7beafd81d7b94ebbae6b04559e6f7a1deecd8941f8e21f1a924c075619cf/Pillow-8.4.0-cp310-cp310-macosx_10_10_universal2.whl", hash = "sha256:81f8d5c81e483a9442d72d182e1fb6dcb9723f289a57e8030811bac9ea3fef8d", size = 3030786 },
    { url = "https://files.pythonhosted.org/packages/6d/58/f946180943fcefe3cf1f21fa7f549b9f5036056e6083b489fe2789000e6a/Pillow-8.4.0-cp310-cp310-macosx_11_0_arm64.whl", hash = "sha256:3f97cfb1e5a392d75dd8b9fd274d205404729923840ca94ca45a0af57e13dbe6", size = 2788849 },
    { url = "https://files.pythonhosted.org/packages/f2/6a/3f49e46facd5878aa0ab44ad8e7a67fe10b7902da5dbdc088172f662bb2e/Pillow-8.4.0-cp310-cp310-manylinux_2_17_aarch64.manylinux2014_aarch64.whl", hash = "sha256:eb9fc393f3c61f9054e1ed26e6fe912c7321af2f41ff49d3f83d05bacf22cc78", size = 2977923 },
    { url = "https://files.pythonhosted.org/packages/e9/b4/930121dde1af0c832770fdacd178b10d048fdd6c9c9457c8eae32adb1712/Pillow-8.4.0-cp310-cp310-manylinux_2_17_i686.manylinux2014_i686.whl", hash = "sha256:d82cdb63100ef5eedb8391732375e6d05993b765f72cb34311fab92103314649", size = 3155671 },
    { url = "https://files.pythonhosted.org/packages/73/8a/1cab58818342519df64507bc60ac69be6b3123e0907e1b9a205bfe27e27e/Pillow-8.4.0-cp310-cp310-manylinux_2_17_x86_64.manylinux2014_x86_64.whl", hash = "sha256:62cc1afda735a8d109007164714e73771b499768b9bb5afcbbee9d0ff374b43f", size = 3066235 },
    { url = "https://files.pythonhosted.org/packages/f3/36/c07d41f5116ebc65068d9270361ad04e3c2deae04ab046281be89a255388/Pillow-8.4.0-cp310-cp310-win32.whl", hash = "sha256:e3dacecfbeec9a33e932f00c6cd7996e62f53ad46fbe677577394aaa90ee419a", size = 2787486 },
    { url = "https://files.pythonhosted.org/packages/ad/58/32dad5c13911e0ec18b0bc2b0c3c2111e771f496e089525f8dd0dc99e0f8/Pillow-8.4.0-cp310-cp310-win_amd64.whl", hash = "sha256:620582db2a85b2df5f8a82ddeb52116560d7e5e6b055095f04ad828d1b0baa39", size = 3231397 },
    { url = "https://files.pythonhosted.org/packages/55/a0/e4f9fbe76d4951bd32a10a6e064b091199349e984d8f40702b1c44180b0e/Pillow-8.4.0-cp36-cp36m-macosx_10_10_x86_64.whl", hash = "sha256:1bc723b434fbc4ab50bb68e11e93ce5fb69866ad621e3c2c9bdb0cd70e345f55", size = 3029782 },
    { url = "https://files.pythonhosted.org/packages/d0/57/4b81f4fb0f0f93425488fc4a4e77e34c946ff76a65722739cbad35ddfe34/Pillow-8.4.0-cp36-cp36m-manylinux_2_17_aarch64.manylinux2014_aarch64.whl", hash = "sha256:72cbcfd54df6caf85cc35264c77ede902452d6df41166010262374155947460c", size = 2977207 },
    { url = "https://files.pythonhosted.org/packages/37/cb/ff6aa512f6ebf3ab8d981dc6117027328ee03352ceb7b2c8c790326c01eb/Pillow-8.4.0-cp36-cp36m-manylinux_2_17_i686.manylinux2014_i686.whl", hash = "sha256:70ad9e5c6cb9b8487280a02c0ad8a51581dcbbe8484ce058477692a27c151c0a", size = 3154829 },
    { url = "https://files.pythonhosted.org/packages/ea/0f/2fa195c2d8c6fe0b3dc2df5fc6ac6b8dbd005ea30aaa0fa43eca88b8c664/Pillow-8.4.0-cp36-cp36m-manylinux_2_17_x86_64.manylinux2014_x86_64.whl", hash = "sha256:25a49dc2e2f74e65efaa32b153527fc5ac98508d502fa46e74fa4fd678ed6645", size = 3065250 },
    { url = "https://files.pythonhosted.org/packages/b7/00/2883a18b8df96f427ff883baa51563958883b1b099416d95d146f8eaaf03/Pillow-8.4.0-cp36-cp36m-win32.whl", hash = "sha256:93ce9e955cc95959df98505e4608ad98281fff037350d8c2671c9aa86bcf10a9", size = 2787037 },
    { url = "https://files.pythonhosted.org/packages/8f/10/c8dc9fff37b69b5962b7783ab4835611e83dada453cd9913d82ca2a1321b/Pillow-8.4.0-cp36-cp36m-win_amd64.whl", hash = "sha256:2e4440b8f00f504ee4b53fe30f4e381aae30b0568193be305256b1462216feff", size = 3229806 },
    { url = "https://files.pythonhosted.org/packages/d8/98/aaf5d7719af8cbeb580d6e10b2d6b2d6a667c032185e8dd1ff2b52013fc1/Pillow-8.4.0-cp37-cp37m-macosx_10_10_x86_64.whl", hash = "sha256:8c803ac3c28bbc53763e6825746f05cc407b20e4a69d0122e526a582e3b5e153", size = 3029825 },
    { url = "https://files.pythonhosted.org/packages/da/62/0c9225e0c6c296dcee5250d14087016db5f9661b4722caae42722ba7b877/Pillow-8.4.0-cp37-cp37m-manylinux_2_17_aarch64.manylinux2014_aarch64.whl", hash = "sha256:c8a17b5d948f4ceeceb66384727dde11b240736fddeda54ca740b9b8b1556b29", size = 2977226 },
    { url = "https://files.pythonhosted.org/packages/5c/24/96fd7ca59e5be5409659f57f73d85d70e8548e97b187e381cd14cf6f83f2/Pillow-8.4.0-cp37-cp37m-manylinux_2_17_i686.manylinux2014_i686.whl", hash = "sha256:1394a6ad5abc838c5cd8a92c5a07535648cdf6d09e8e2d6df916dfa9ea86ead8", size = 3154853 },
    { url = "https://files.pythonhosted.org/packages/a7/f3/c81e9c41c6ee4c99ad7436b7a1509f5bce5de4ccf4b83138cf88760d96ff/Pillow-8.4.0-cp37-cp37m-manylinux_2_17_x86_64.manylinux2014_x86_64.whl", hash = "sha256:792e5c12376594bfcb986ebf3855aa4b7c225754e9a9521298e460e92fb4a488", size = 3065295 },
    { url = "https://files.pythonhosted.org/packages/76/76/bbb73ff9f97517c70fee1a3c4dc08e41da5eabef8f777119d6cd854bf7e5/Pillow-8.4.0-cp37-cp37m-win32.whl", hash = "sha256:d99ec152570e4196772e7a8e4ba5320d2d27bf22fdf11743dd882936ed64305b", size = 2787086 },
    { url = "https://files.pythonhosted.org/packages/3e/59/4d519b49a5dfae6be2f445ac59802db54b4356cb20a4c3d1599c03d82f59/Pillow-8.4.0-cp37-cp37m-win_amd64.whl", hash = "sha256:7b7017b61bbcdd7f6363aeceb881e23c46583739cb69a3ab39cb384f6ec82e5b", size = 3229843 },
    { url = "https://files.pythonhosted.org/packages/e7/05/6765368c2831c97ca3e07f21856a1332d7edd382876fb5d9248d2cabddf9/Pillow-8.4.0-cp38-cp38-macosx_10_10_x86_64.whl", hash = "sha256:d89363f02658e253dbd171f7c3716a5d340a24ee82d38aab9183f7fdf0cdca49", size = 3030505 },
    { url = "https://files.pythonhosted.org/packages/af/62/fc6e2c7ce2357d7c81866599ff5eae3cbae910880030d27233e2a9e2c4fb/Pillow-8.4.0-cp38-cp38-macosx_11_0_arm64.whl", hash = "sha256:0a0956fdc5defc34462bb1c765ee88d933239f9a94bc37d132004775241a7585", size = 2788567 },
    { url = "https://files.pythonhosted.org/packages/cf/87/a3eaccbaa926197ff1a2c5e9fc3bed65fcbdd9b7135b01734544020241a1/Pillow-8.4.0-cp38-cp38-manylinux_2_17_aarch64.manylinux2014_aarch64.whl", hash = "sha256:5b7bb9de00197fb4261825c15551adf7605cf14a80badf1761d61e59da347779", size = 2977668 },
    { url = "https://files.pythonhosted.org/packages/90/4f/c9a31755eb9ca9927d87c0d367caf47edf46384b7f13916fec405a119509/Pillow-8.4.0-cp38-cp38-manylinux_2_17_i686.manylinux2014_i686.whl", hash = "sha256:72b9e656e340447f827885b8d7a15fc8c4e68d410dc2297ef6787eec0f0ea409", size = 3155653 },
    { url = "https://files.pythonhosted.org/packages/fe/f9/cd8b11ec15e27581c5e7affdf04d618d44fa9524dbeb429e5e728df6dc4c/Pillow-8.4.0-cp38-cp38-manylinux_2_17_x86_64.manylinux2014_x86_64.whl", hash = "sha256:a5a4532a12314149d8b4e4ad8ff09dde7427731fcfa5917ff16d0291f13609df", size = 3065784 },
    { url = "https://files.pythonhosted.org/packages/eb/3b/7396c88c3506330e0b50b6411d8084aedcdd1e9da3fe5e94fd8b3356e4ec/Pillow-8.4.0-cp38-cp38-win32.whl", hash = "sha256:82aafa8d5eb68c8463b6e9baeb4f19043bb31fefc03eb7b216b51e6a9981ae09", size = 2787524 },
    { url = "https://files.pythonhosted.org/packages/ff/fb/506890622e1dcddaa3b215a6cef70d72c4e248feed0045eb52904d1ef80b/Pillow-8.4.0-cp38-cp38-win_amd64.whl", hash = "sha256:066f3999cb3b070a95c3652712cffa1a748cd02d60ad7b4e485c3748a04d9d76", size = 3230703 },
    { url = "https://files.pythonhosted.org/packages/32/25/32889d2b7c577b5a454dd12194b2ecb9d87d4b49c15c278dc99bc8ff5d2e/Pillow-8.4.0-cp39-cp39-macosx_10_10_x86_64.whl", hash = "sha256:5503c86916d27c2e101b7f71c2ae2cddba01a2cf55b8395b0255fd33fa4d1f1a", size = 3030831 },
    { url = "https://files.pythonhosted.org/packages/7d/88/a59b397f030e131accd4ca5a2ad7f1ac62347e6f4aadbe3dabd329aaded9/Pillow-8.4.0-cp39-cp39-macosx_11_0_arm64.whl", hash = "sha256:4acc0985ddf39d1bc969a9220b51d94ed51695d455c228d8ac29fcdb25810e6e", size = 2788876 },
    { url = "https://files.pythonhosted.org/packages/24/06/3adcd81a7fed8423cef5b40436dfed6f849f876308b4dd5ecd118c95c9a2/Pillow-8.4.0-cp39-cp39-manylinux_2_17_aarch64.manylinux2014_aarch64.whl", hash = "sha256:0b052a619a8bfcf26bd8b3f48f45283f9e977890263e4571f2393ed8898d331b", size = 2977899 },
    { url = "https://files.pythonhosted.org/packages/63/ba/168d6c4a82e6de85802fbfc88bab6d6df57fb17b233d6ea7fb4362567349/Pillow-8.4.0-cp39-cp39-manylinux_2_17_i686.manylinux2014_i686.whl", hash = "sha256:493cb4e415f44cd601fcec11c99836f707bb714ab03f5ed46ac25713baf0ff20", size = 3155727 },
    { url = "https://files.pythonhosted.org/packages/2f/59/af1ac6f871dab6e7e5e7d3ad29a976ed529afe1ba08287e5337da8e30233/Pillow-8.4.0-cp39-cp39-manylinux_2_17_x86_64.manylinux2014_x86_64.whl", hash = "sha256:b8831cb7332eda5dc89b21a7bce7ef6ad305548820595033a4b03cf3091235ed", size = 3066233 },
    { url = "https://files.pythonhosted.org/packages/db/44/61fa720db441f8075d1a26597f391f46aad314951a5ebea3d7fd8542db1a/Pillow-8.4.0-cp39-cp39-win32.whl", hash = "sha256:5e9ac5f66616b87d4da618a20ab0a38324dbe88d8a39b55be8964eb520021e02", size = 2787488 },
    { url = "https://files.pythonhosted.org/packages/20/ec/15a263f2c65d71cf62aa767f774c2381077e07beb1e9309a94461ec1cd29/Pillow-8.4.0-cp39-cp39-win_amd64.whl", hash = "sha256:3eb1ce5f65908556c2d8685a8f0a6e989d887ec4057326f6c22b24e8a172c66b", size = 3231202 },
    { url = "https://files.pythonhosted.org/packages/94/f8/2185f20cd78e7c8479b3dce92cdc7a21be9733a6ed63333c8f14c03f2499/Pillow-8.4.0-pp36-pypy36_pp73-macosx_10_10_x86_64.whl", hash = "sha256:ddc4d832a0f0b4c52fff973a0d44b6c99839a9d016fe4e6a1cb8f3eea96479c2", size = 3006626 },
    { url = "https://files.pythonhosted.org/packages/ca/d2/ee0ecb951a040fcadf8d8b3aae580a8a347ee7747e6c369fa68e93717011/Pillow-8.4.0-pp36-pypy36_pp73-manylinux_2_17_i686.manylinux2014_i686.whl", hash = "sha256:9a3e5ddc44c14042f0844b8cf7d2cd455f6cc80fd7f5eefbe657292cf601d9ad", size = 3058355 },
    { url = "https://files.pythonhosted.org/packages/d4/46/d5772376f9b30ceef55c3faf322a292974467bc48b1efc1c89e7ec8359ca/Pillow-8.4.0-pp36-pypy36_pp73-manylinux_2_17_x86_64.manylinux2014_x86_64.whl", hash = "sha256:c70e94281588ef053ae8998039610dbd71bc509e4acbc77ab59d7d2937b10698", size = 2985985 },
    { url = "https://files.pythonhosted.org/packages/79/97/6c15cbf22dc4553ca3344703418d433a4f870b7081c5f41ce7ec48efc1fc/Pillow-8.4.0-pp37-pypy37_pp73-macosx_10_10_x86_64.whl", hash = "sha256:3862b7256046fcd950618ed22d1d60b842e3a40a48236a5498746f21189afbbc", size = 3006643 },
    { url = "https://files.pythonhosted.org/packages/d1/df/5e040e5d8bf9cda4385ff95e15e26aa44e8ee60bcb0607c4ab00ed323cfd/Pillow-8.4.0-pp37-pypy37_pp73-manylinux_2_17_i686.manylinux2014_i686.whl", hash = "sha256:a4901622493f88b1a29bd30ec1a2f683782e57c3c16a2dbc7f2595ba01f639df", size = 3058355 },
    { url = "https://files.pythonhosted.org/packages/5f/32/ec0ec71300b40a3bc8f254247b4f08e3078615658456a9e1eda54e5c9718/Pillow-8.4.0-pp37-pypy37_pp73-manylinux_2_17_x86_64.manylinux2014_x86_64.whl", hash = "sha256:84c471a734240653a0ec91dec0996696eea227eafe72a33bd06c92697728046b", size = 2985988 },
    { url = "https://files.pythonhosted.org/packages/5c/36/756c55b86f508f099fd4d71d394eba298222dd866ae821f288636570ab1d/Pillow-8.4.0-pp37-pypy37_pp73-win_amd64.whl", hash = "sha256:244cf3b97802c34c41905d22810846802a3329ddcb93ccc432870243211c79fc", size = 3230741 },
]

[[package]]
name = "python-dotenv"
version = "0.15.0"
source = { registry = "https://pypi.org/simple" }
sdist = { url = "https://files.pythonhosted.org/packages/53/04/1a8126516c8febfeb2015844edee977c9b783bdff9b3bcd89b1cc2e1f372/python-dotenv-0.15.0.tar.gz", hash = "sha256:587825ed60b1711daea4832cf37524dfd404325b7db5e25ebe88c495c9f807a0", size = 30008 }
wheels = [
    { url = "https://files.pythonhosted.org/packages/32/2e/e4585559237787966aad0f8fd0fc31df1c4c9eb0e62de458c5b6cde954eb/python_dotenv-0.15.0-py2.py3-none-any.whl", hash = "sha256:0c8d1b80d1a1e91717ea7d526178e3882732420b03f08afea0406db6402e220e", size = 18253 },
]

[[package]]
name = "qrcode"
version = "6.1"
source = { registry = "https://pypi.org/simple" }
dependencies = [
    { name = "colorama", marker = "platform_system == 'Windows'" },
    { name = "six" },
]
sdist = { url = "https://files.pythonhosted.org/packages/19/d5/6c7d4e103d94364d067636417a77a6024219c58cd6e9f428ece9b5061ef9/qrcode-6.1.tar.gz", hash = "sha256:505253854f607f2abf4d16092c61d4e9d511a3b4392e60bff957a68592b04369", size = 29363 }
wheels = [
    { url = "https://files.pythonhosted.org/packages/42/87/4a3a77e59ab7493d64da1f69bf1c2e899a4cf81e51b2baa855e8cc8115be/qrcode-6.1-py2.py3-none-any.whl", hash = "sha256:3996ee560fc39532910603704c82980ff6d4d5d629f9c3f25f34174ce8606cf5", size = 31073 },
]

[[package]]
name = "setuptools"
version = "59.6.0"
source = { registry = "https://pypi.org/simple" }
sdist = { url = "https://files.pythonhosted.org/packages/6a/fa/5ec0fa9095c9b72cb1c31a8175c4c6745bf5927d1045d7a70df35d54944f/setuptools-59.6.0.tar.gz", hash = "sha256:22c7348c6d2976a52632c67f7ab0cdf40147db7789f9aed18734643fe9cf3373", size = 2281973 }
wheels = [
    { url = "https://files.pythonhosted.org/packages/b0/3a/88b210db68e56854d0bcf4b38e165e03be377e13907746f825790f3df5bf/setuptools-59.6.0-py3-none-any.whl", hash = "sha256:4ce92f1e1f8f01233ee9952c04f6b81d1e02939d6e1b488428154974a4d0783e", size = 952597 },
]

[[package]]
name = "six"
version = "1.17.0"
source = { registry = "https://pypi.org/simple" }
sdist = { url = "https://files.pythonhosted.org/packages/94/e7/b2c673351809dca68a0e064b6af791aa332cf192da575fd474ed7d6f16a2/six-1.17.0.tar.gz", hash = "sha256:ff70335d468e7eb6ec65b95b99d3a2836546063f63acc5171de367e834932a81", size = 34031 }
wheels = [
    { url = "https://files.pythonhosted.org/packages/b7/ce/149a00dd41f10bc29e5921b496af8b574d8413afcd5e30dfa0ed46c2cc5e/six-1.17.0-py2.py3-none-any.whl", hash = "sha256:4721f391ed90541fddacab5acf947aa0d3dc7d27b2e1e8eda2be8970586c3274", size = 11050 },
]

[[package]]
name = "werkzeug"
version = "1.0.1"
source = { registry = "https://pypi.org/simple" }
sdist = { url = "https://files.pythonhosted.org/packages/10/27/a33329150147594eff0ea4c33c2036c0eadd933141055be0ff911f7f8d04/Werkzeug-1.0.1.tar.gz", hash = "sha256:6c80b1e5ad3665290ea39320b91e1be1e0d5f60652b964a3070216de83d2e47c", size = 904455 }
wheels = [
    { url = "https://files.pythonhosted.org/packages/cc/94/5f7079a0e00bd6863ef8f1da638721e9da21e5bacee597595b318f71d62e/Werkzeug-1.0.1-py2.py3-none-any.whl", hash = "sha256:2de2a5db0baeae7b2d2664949077c2ac63fbd16d98da0ff71837f7d1dea3fd43", size = 298631 },
]
